
Microsoft Visual Studio Solution File, Format Version 12.00
# Visual Studio Version 16
VisualStudioVersion = 16.0.31005.135
MinimumVisualStudioVersion = 10.0.40219.1
Project("{9A19103F-16F7-4668-BE54-9A1E7A4F7556}") = "MTIP", "MTIP.csproj", "{374540F9-49B1-4AD7-BCC7-C238C3D1D1C5}"
EndProject
Project("{9A19103F-16F7-4668-BE54-9A1E7A4F7556}") = "MTIPServer", "..\MTIPServer\MTIPServer.csproj", "{00CFFC16-183A-4E64-88BB-AB1428D5009D}"
EndProject
Global
	GlobalSection(SolutionConfigurationPlatforms) = preSolution
		Debug|Any CPU = Debug|Any CPU
		Release|Any CPU = Release|Any CPU
	EndGlobalSection
	GlobalSection(ProjectConfigurationPlatforms) = postSolution
		{374540F9-49B1-4AD7-BCC7-C238C3D1D1C5}.Debug|Any CPU.ActiveCfg = Debug|Any CPU
		{374540F9-49B1-4AD7-BCC7-C238C3D1D1C5}.Debug|Any CPU.Build.0 = Debug|Any CPU
		{374540F9-49B1-4AD7-BCC7-C238C3D1D1C5}.Release|Any CPU.ActiveCfg = Release|Any CPU
		{374540F9-49B1-4AD7-BCC7-C238C3D1D1C5}.Release|Any CPU.Build.0 = Release|Any CPU
		{00CFFC16-183A-4E64-88BB-AB1428D5009D}.Debug|Any CPU.ActiveCfg = Debug|Any CPU
		{00CFFC16-183A-4E64-88BB-AB1428D5009D}.Debug|Any CPU.Build.0 = Debug|Any CPU
		{00CFFC16-183A-4E64-88BB-AB1428D5009D}.Release|Any CPU.ActiveCfg = Release|Any CPU
		{00CFFC16-183A-4E64-88BB-AB1428D5009D}.Release|Any CPU.Build.0 = Release|Any CPU
	EndGlobalSection
	GlobalSection(SolutionProperties) = preSolution
		HideSolutionNode = FALSE
	EndGlobalSection
	GlobalSection(ExtensibilityGlobals) = postSolution
		SolutionGuid = {D59441A3-D1CB-466B-9045-94CD7C6B4FD4}
	EndGlobalSection
EndGlobal
